# This file is automatically @generated by Cargo.
# It is not intended for manual editing.
version = 4

[[package]]
name = "portal-acme"
version = "0.1.0"

[[package]]
name = "portal-cli"
version = "0.1.0"

[[package]]
name = "portal-crypto"
version = "0.1.0"

[[package]]
name = "portal-demo"
version = "0.1.0"

[[package]]
name = "portal-net"
version = "0.1.0"

[[package]]
name = "portal-relay"
version = "0.1.0"

[[package]]
name = "portal-relay-bin"
version = "0.1.0"

[[package]]
name = "portal-sdk"
version = "0.1.0"

[[package]]
name = "portal-wire"
version = "0.1.0"

[[package]]
name = "xtask"
version = "0.0.0"
